
Microsoft Visual Studio Solution File, Format Version 12.00
# Visual Studio 2013
VisualStudioVersion = 12.0.30501.0
MinimumVisualStudioVersion = 10.0.40219.1
Project("{FAE04EC0-301F-11D3-BF4B-00C04F79EFBC}") = "VectorConverter", "VectorConverter\VectorConverter.csproj", "{3593864C-193F-482D-9B06-4BF91F327B0A}"
EndProject
Project("{FAE04EC0-301F-11D3-BF4B-00C04F79EFBC}") = "VectorConverter.Test", "VectorConverter.Test\VectorConverter.Test.csproj", "{9AD68D14-39B9-491F-9325-7590B9A8F254}"
EndProject
Global
	GlobalSection(SolutionConfigurationPlatforms) = preSolution
		Debug|Any CPU = Debug|Any CPU
		Release|Any CPU = Release|Any CPU
	EndGlobalSection
	GlobalSection(ProjectConfigurationPlatforms) = postSolution
		{3593864C-193F-482D-9B06-4BF91F327B0A}.Debug|Any CPU.ActiveCfg = Debug|Any CPU
		{3593864C-193F-482D-9B06-4BF91F327B0A}.Debug|Any CPU.Build.0 = Debug|Any CPU
		{3593864C-193F-482D-9B06-4BF91F327B0A}.Release|Any CPU.ActiveCfg = Release|Any CPU
		{3593864C-193F-482D-9B06-4BF91F327B0A}.Release|Any CPU.Build.0 = Release|Any CPU
		{9AD68D14-39B9-491F-9325-7590B9A8F254}.Debug|Any CPU.ActiveCfg = Debug|Any CPU
		{9AD68D14-39B9-491F-9325-7590B9A8F254}.Debug|Any CPU.Build.0 = Debug|Any CPU
		{9AD68D14-39B9-491F-9325-7590B9A8F254}.Release|Any CPU.ActiveCfg = Release|Any CPU
		{9AD68D14-39B9-491F-9325-7590B9A8F254}.Release|Any CPU.Build.0 = Release|Any CPU
	EndGlobalSection
	GlobalSection(SolutionProperties) = preSolution
		HideSolutionNode = FALSE
	EndGlobalSection
EndGlobal
